// !$*UTF8*$!
{
	archiveVersion = 1;
	classes = {
	};
	objectVersion = 46;
	objects = {

/* Begin PBXBuildFile section */
		930C078C9DEA409B9CDB12A7 /* libPods.a in Frameworks */ = {isa = PBXBuildFile; fileRef = E005AD91135E43FB8E26FFDF /* libPods.a */; };
		C92E92AF1970F6DD0035E13A /* DPExplodedViewController.m in Sources */ = {isa = PBXBuildFile; fileRef = C92E92AE1970F6DD0035E13A /* DPExplodedViewController.m */; };
		C92E92B31970F6FB0035E13A /* DPDepictureViewController.m in Sources */ = {isa = PBXBuildFile; fileRef = C92E92B21970F6FB0035E13A /* DPDepictureViewController.m */; };
		C92E92B619718C5E0035E13A /* DPDataManager.m in Sources */ = {isa = PBXBuildFile; fileRef = C92E92B519718C5E0035E13A /* DPDataManager.m */; };
		C92E92BD197194A90035E13A /* DPDepicture.m in Sources */ = {isa = PBXBuildFile; fileRef = C92E92BC197194A90035E13A /* DPDepicture.m */; };
		C92E92BF197199910035E13A /* Parse.framework in Frameworks */ = {isa = PBXBuildFile; fileRef = C92E92BE197199910035E13A /* Parse.framework */; };
		C92E92C1197199C50035E13A /* AudioToolbox.framework in Frameworks */ = {isa = PBXBuildFile; fileRef = C92E92C0197199C50035E13A /* AudioToolbox.framework */; };
		C92E92C3197199CA0035E13A /* CFNetwork.framework in Frameworks */ = {isa = PBXBuildFile; fileRef = C92E92C2197199CA0035E13A /* CFNetwork.framework */; };
		C92E92C5197199D40035E13A /* CoreLocation.framework in Frameworks */ = {isa = PBXBuildFile; fileRef = C92E92C4197199D40035E13A /* CoreLocation.framework */; };
		C92E92C7197199DC0035E13A /* libz.dylib in Frameworks */ = {isa = PBXBuildFile; fileRef = C92E92C6197199DC0035E13A /* libz.dylib */; };
		C92E92C9197199E40035E13A /* MobileCoreServices.framework in Frameworks */ = {isa = PBXBuildFile; fileRef = C92E92C8197199E40035E13A /* MobileCoreServices.framework */; };
		C92E92CB197199EC0035E13A /* QuartzCore.framework in Frameworks */ = {isa = PBXBuildFile; fileRef = C92E92CA197199EC0035E13A /* QuartzCore.framework */; };
		C92E92CD197199F20035E13A /* Security.framework in Frameworks */ = {isa = PBXBuildFile; fileRef = C92E92CC197199F20035E13A /* Security.framework */; };
		C92E92CF19719A010035E13A /* StoreKit.framework in Frameworks */ = {isa = PBXBuildFile; fileRef = C92E92CE19719A010035E13A /* StoreKit.framework */; };
		C92E92D119719A080035E13A /* SystemConfiguration.framework in Frameworks */ = {isa = PBXBuildFile; fileRef = C92E92D019719A080035E13A /* SystemConfiguration.framework */; };
		C92E92D41971DD0C0035E13A /* MLIMGURUploader.m in Sources */ = {isa = PBXBuildFile; fileRef = C92E92D31971DD0C0035E13A /* MLIMGURUploader.m */; };
		C92E92D91971DF3D0035E13A /* DPDepicturePreviewView.m in Sources */ = {isa = PBXBuildFile; fileRef = C92E92D81971DF3D0035E13A /* DPDepicturePreviewView.m */; };
		C9A769A4196FCF1C00C0F34F /* Foundation.framework in Frameworks */ = {isa = PBXBuildFile; fileRef = C9A769A3196FCF1C00C0F34F /* Foundation.framework */; };
		C9A769A6196FCF1C00C0F34F /* CoreGraphics.framework in Frameworks */ = {isa = PBXBuildFile; fileRef = C9A769A5196FCF1C00C0F34F /* CoreGraphics.framework */; };
		C9A769A8196FCF1C00C0F34F /* UIKit.framework in Frameworks */ = {isa = PBXBuildFile; fileRef = C9A769A7196FCF1C00C0F34F /* UIKit.framework */; };
		C9A769AA196FCF1C00C0F34F /* CoreData.framework in Frameworks */ = {isa = PBXBuildFile; fileRef = C9A769A9196FCF1C00C0F34F /* CoreData.framework */; };
		C9A769B0196FCF1C00C0F34F /* InfoPlist.strings in Resources */ = {isa = PBXBuildFile; fileRef = C9A769AE196FCF1C00C0F34F /* InfoPlist.strings */; };
		C9A769B2196FCF1C00C0F34F /* main.m in Sources */ = {isa = PBXBuildFile; fileRef = C9A769B1196FCF1C00C0F34F /* main.m */; };
		C9A769B6196FCF1C00C0F34F /* DPAppDelegate.m in Sources */ = {isa = PBXBuildFile; fileRef = C9A769B5196FCF1C00C0F34F /* DPAppDelegate.m */; };
		C9A769B9196FCF1C00C0F34F /* Depicture.xcdatamodeld in Sources */ = {isa = PBXBuildFile; fileRef = C9A769B7196FCF1C00C0F34F /* Depicture.xcdatamodeld */; };
		C9A769BB196FCF1C00C0F34F /* Images.xcassets in Resources */ = {isa = PBXBuildFile; fileRef = C9A769BA196FCF1C00C0F34F /* Images.xcassets */; };
		C9A769C2196FCF1C00C0F34F /* XCTest.framework in Frameworks */ = {isa = PBXBuildFile; fileRef = C9A769C1196FCF1C00C0F34F /* XCTest.framework */; };
		C9A769C3196FCF1C00C0F34F /* Foundation.framework in Frameworks */ = {isa = PBXBuildFile; fileRef = C9A769A3196FCF1C00C0F34F /* Foundation.framework */; };
		C9A769C4196FCF1C00C0F34F /* UIKit.framework in Frameworks */ = {isa = PBXBuildFile; fileRef = C9A769A7196FCF1C00C0F34F /* UIKit.framework */; };
		C9A769C5196FCF1C00C0F34F /* CoreData.framework in Frameworks */ = {isa = PBXBuildFile; fileRef = C9A769A9196FCF1C00C0F34F /* CoreData.framework */; };
		C9A769CD196FCF1C00C0F34F /* InfoPlist.strings in Resources */ = {isa = PBXBuildFile; fileRef = C9A769CB196FCF1C00C0F34F /* InfoPlist.strings */; };
		C9A769CF196FCF1C00C0F34F /* DepictureTests.m in Sources */ = {isa = PBXBuildFile; fileRef = C9A769CE196FCF1C00C0F34F /* DepictureTests.m */; };
		C9A769DA196FD30800C0F34F /* DPUser.m in Sources */ = {isa = PBXBuildFile; fileRef = C9A769D9196FD30800C0F34F /* DPUser.m */; };
		C9A769DF196FD77C00C0F34F /* DPFriendsTableViewController.m in Sources */ = {isa = PBXBuildFile; fileRef = C9A769DE196FD77C00C0F34F /* DPFriendsTableViewController.m */; };
		C9A769E2196FDB5D00C0F34F /* DPMainViewController.m in Sources */ = {isa = PBXBuildFile; fileRef = C9A769E1196FDB5D00C0F34F /* DPMainViewController.m */; };
		C9A76A27196FE0CA00C0F34F /* DPFriendCell.m in Sources */ = {isa = PBXBuildFile; fileRef = C9A76A26196FE0CA00C0F34F /* DPFriendCell.m */; };
		C9A76A2D196FE34C00C0F34F /* CoreVideo.framework in Frameworks */ = {isa = PBXBuildFile; fileRef = C9A76A2C196FE34C00C0F34F /* CoreVideo.framework */; };
		C9A76A2F196FE35500C0F34F /* AVFoundation.framework in Frameworks */ = {isa = PBXBuildFile; fileRef = C9A76A2E196FE35500C0F34F /* AVFoundation.framework */; };
		C9A76A33196FEB7400C0F34F /* DPSettingsTableViewController.m in Sources */ = {isa = PBXBuildFile; fileRef = C9A76A32196FEB7400C0F34F /* DPSettingsTableViewController.m */; };
		C9A76A36196FEC4C00C0F34F /* DPSettingsCell.m in Sources */ = {isa = PBXBuildFile; fileRef = C9A76A35196FEC4C00C0F34F /* DPSettingsCell.m */; };
/* End PBXBuildFile section */

/* Begin PBXContainerItemProxy section */
		C9A769C6196FCF1C00C0F34F /* PBXContainerItemProxy */ = {
			isa = PBXContainerItemProxy;
			containerPortal = C9A76998196FCF1C00C0F34F /* Project object */;
			proxyType = 1;
			remoteGlobalIDString = C9A7699F196FCF1C00C0F34F;
			remoteInfo = Depicture;
		};
/* End PBXContainerItemProxy section */

/* Begin PBXFileReference section */
		60CEB97F5A9647DF9F9177AF /* Pods.xcconfig */ = {isa = PBXFileReference; includeInIndex = 1; lastKnownFileType = text.xcconfig; name = Pods.xcconfig; path = Pods/Pods.xcconfig; sourceTree = "<group>"; };
		C92E92AD1970F6DD0035E13A /* DPExplodedViewController.h */ = {isa = PBXFileReference; fileEncoding = 4; lastKnownFileType = sourcecode.c.h; path = DPExplodedViewController.h; sourceTree = "<group>"; };
		C92E92AE1970F6DD0035E13A /* DPExplodedViewController.m */ = {isa = PBXFileReference; fileEncoding = 4; lastKnownFileType = sourcecode.c.objc; path = DPExplodedViewController.m; sourceTree = "<group>"; };
		C92E92B11970F6FB0035E13A /* DPDepictureViewController.h */ = {isa = PBXFileReference; fileEncoding = 4; lastKnownFileType = sourcecode.c.h; path = DPDepictureViewController.h; sourceTree = "<group>"; };
		C92E92B21970F6FB0035E13A /* DPDepictureViewController.m */ = {isa = PBXFileReference; fileEncoding = 4; lastKnownFileType = sourcecode.c.objc; path = DPDepictureViewController.m; sourceTree = "<group>"; };
		C92E92B419718C5E0035E13A /* DPDataManager.h */ = {isa = PBXFileReference; fileEncoding = 4; lastKnownFileType = sourcecode.c.h; path = DPDataManager.h; sourceTree = "<group>"; };
		C92E92B519718C5E0035E13A /* DPDataManager.m */ = {isa = PBXFileReference; fileEncoding = 4; lastKnownFileType = sourcecode.c.objc; path = DPDataManager.m; sourceTree = "<group>"; };
		C92E92BB197194A90035E13A /* DPDepicture.h */ = {isa = PBXFileReference; fileEncoding = 4; lastKnownFileType = sourcecode.c.h; path = DPDepicture.h; sourceTree = "<group>"; };
		C92E92BC197194A90035E13A /* DPDepicture.m */ = {isa = PBXFileReference; fileEncoding = 4; lastKnownFileType = sourcecode.c.objc; path = DPDepicture.m; sourceTree = "<group>"; };
		C92E92BE197199910035E13A /* Parse.framework */ = {isa = PBXFileReference; lastKnownFileType = wrapper.framework; path = Parse.framework; sourceTree = "<group>"; };
		C92E92C0197199C50035E13A /* AudioToolbox.framework */ = {isa = PBXFileReference; lastKnownFileType = wrapper.framework; name = AudioToolbox.framework; path = System/Library/Frameworks/AudioToolbox.framework; sourceTree = SDKROOT; };
		C92E92C2197199CA0035E13A /* CFNetwork.framework */ = {isa = PBXFileReference; lastKnownFileType = wrapper.framework; name = CFNetwork.framework; path = System/Library/Frameworks/CFNetwork.framework; sourceTree = SDKROOT; };
		C92E92C4197199D40035E13A /* CoreLocation.framework */ = {isa = PBXFileReference; lastKnownFileType = wrapper.framework; name = CoreLocation.framework; path = System/Library/Frameworks/CoreLocation.framework; sourceTree = SDKROOT; };
		C92E92C6197199DC0035E13A /* libz.dylib */ = {isa = PBXFileReference; lastKnownFileType = "compiled.mach-o.dylib"; name = libz.dylib; path = usr/lib/libz.dylib; sourceTree = SDKROOT; };
		C92E92C8197199E40035E13A /* MobileCoreServices.framework */ = {isa = PBXFileReference; lastKnownFileType = wrapper.framework; name = MobileCoreServices.framework; path = System/Library/Frameworks/MobileCoreServices.framework; sourceTree = SDKROOT; };
		C92E92CA197199EC0035E13A /* QuartzCore.framework */ = {isa = PBXFileReference; lastKnownFileType = wrapper.framework; name = QuartzCore.framework; path = System/Library/Frameworks/QuartzCore.framework; sourceTree = SDKROOT; };
		C92E92CC197199F20035E13A /* Security.framework */ = {isa = PBXFileReference; lastKnownFileType = wrapper.framework; name = Security.framework; path = System/Library/Frameworks/Security.framework; sourceTree = SDKROOT; };
		C92E92CE19719A010035E13A /* StoreKit.framework */ = {isa = PBXFileReference; lastKnownFileType = wrapper.framework; name = StoreKit.framework; path = System/Library/Frameworks/StoreKit.framework; sourceTree = SDKROOT; };
		C92E92D019719A080035E13A /* SystemConfiguration.framework */ = {isa = PBXFileReference; lastKnownFileType = wrapper.framework; name = SystemConfiguration.framework; path = System/Library/Frameworks/SystemConfiguration.framework; sourceTree = SDKROOT; };
		C92E92D21971DD0C0035E13A /* MLIMGURUploader.h */ = {isa = PBXFileReference; fileEncoding = 4; lastKnownFileType = sourcecode.c.h; path = MLIMGURUploader.h; sourceTree = "<group>"; };
		C92E92D31971DD0C0035E13A /* MLIMGURUploader.m */ = {isa = PBXFileReference; fileEncoding = 4; lastKnownFileType = sourcecode.c.objc; path = MLIMGURUploader.m; sourceTree = "<group>"; };
		C92E92D71971DF3D0035E13A /* DPDepicturePreviewView.h */ = {isa = PBXFileReference; fileEncoding = 4; lastKnownFileType = sourcecode.c.h; path = DPDepicturePreviewView.h; sourceTree = "<group>"; };
		C92E92D81971DF3D0035E13A /* DPDepicturePreviewView.m */ = {isa = PBXFileReference; fileEncoding = 4; lastKnownFileType = sourcecode.c.objc; path = DPDepicturePreviewView.m; sourceTree = "<group>"; };
		C9A769A0196FCF1C00C0F34F /* Depicture.app */ = {isa = PBXFileReference; explicitFileType = wrapper.application; includeInIndex = 0; path = Depicture.app; sourceTree = BUILT_PRODUCTS_DIR; };
		C9A769A3196FCF1C00C0F34F /* Foundation.framework */ = {isa = PBXFileReference; lastKnownFileType = wrapper.framework; name = Foundation.framework; path = System/Library/Frameworks/Foundation.framework; sourceTree = SDKROOT; };
		C9A769A5196FCF1C00C0F34F /* CoreGraphics.framework */ = {isa = PBXFileReference; lastKnownFileType = wrapper.framework; name = CoreGraphics.framework; path = System/Library/Frameworks/CoreGraphics.framework; sourceTree = SDKROOT; };
		C9A769A7196FCF1C00C0F34F /* UIKit.framework */ = {isa = PBXFileReference; lastKnownFileType = wrapper.framework; name = UIKit.framework; path = System/Library/Frameworks/UIKit.framework; sourceTree = SDKROOT; };
		C9A769A9196FCF1C00C0F34F /* CoreData.framework */ = {isa = PBXFileReference; lastKnownFileType = wrapper.framework; name = CoreData.framework; path = System/Library/Frameworks/CoreData.framework; sourceTree = SDKROOT; };
		C9A769AD196FCF1C00C0F34F /* Depicture-Info.plist */ = {isa = PBXFileReference; lastKnownFileType = text.plist.xml; path = "Depicture-Info.plist"; sourceTree = "<group>"; };
		C9A769AF196FCF1C00C0F34F /* en */ = {isa = PBXFileReference; lastKnownFileType = text.plist.strings; name = en; path = en.lproj/InfoPlist.strings; sourceTree = "<group>"; };
		C9A769B1196FCF1C00C0F34F /* main.m */ = {isa = PBXFileReference; lastKnownFileType = sourcecode.c.objc; path = main.m; sourceTree = "<group>"; };
		C9A769B3196FCF1C00C0F34F /* Depicture-Prefix.pch */ = {isa = PBXFileReference; lastKnownFileType = sourcecode.c.h; path = "Depicture-Prefix.pch"; sourceTree = "<group>"; };
		C9A769B4196FCF1C00C0F34F /* DPAppDelegate.h */ = {isa = PBXFileReference; lastKnownFileType = sourcecode.c.h; path = DPAppDelegate.h; sourceTree = "<group>"; };
		C9A769B5196FCF1C00C0F34F /* DPAppDelegate.m */ = {isa = PBXFileReference; lastKnownFileType = sourcecode.c.objc; path = DPAppDelegate.m; sourceTree = "<group>"; };
		C9A769B8196FCF1C00C0F34F /* Depicture.xcdatamodel */ = {isa = PBXFileReference; lastKnownFileType = wrapper.xcdatamodel; path = Depicture.xcdatamodel; sourceTree = "<group>"; };
		C9A769BA196FCF1C00C0F34F /* Images.xcassets */ = {isa = PBXFileReference; lastKnownFileType = folder.assetcatalog; path = Images.xcassets; sourceTree = "<group>"; };
		C9A769C0196FCF1C00C0F34F /* DepictureTests.xctest */ = {isa = PBXFileReference; explicitFileType = wrapper.cfbundle; includeInIndex = 0; path = DepictureTests.xctest; sourceTree = BUILT_PRODUCTS_DIR; };
		C9A769C1196FCF1C00C0F34F /* XCTest.framework */ = {isa = PBXFileReference; lastKnownFileType = wrapper.framework; name = XCTest.framework; path = Library/Frameworks/XCTest.framework; sourceTree = DEVELOPER_DIR; };
		C9A769CA196FCF1C00C0F34F /* DepictureTests-Info.plist */ = {isa = PBXFileReference; lastKnownFileType = text.plist.xml; path = "DepictureTests-Info.plist"; sourceTree = "<group>"; };
		C9A769CC196FCF1C00C0F34F /* en */ = {isa = PBXFileReference; lastKnownFileType = text.plist.strings; name = en; path = en.lproj/InfoPlist.strings; sourceTree = "<group>"; };
		C9A769CE196FCF1C00C0F34F /* DepictureTests.m */ = {isa = PBXFileReference; lastKnownFileType = sourcecode.c.objc; path = DepictureTests.m; sourceTree = "<group>"; };
		C9A769D8196FD30800C0F34F /* DPUser.h */ = {isa = PBXFileReference; fileEncoding = 4; lastKnownFileType = sourcecode.c.h; path = DPUser.h; sourceTree = "<group>"; };
		C9A769D9196FD30800C0F34F /* DPUser.m */ = {isa = PBXFileReference; fileEncoding = 4; lastKnownFileType = sourcecode.c.objc; path = DPUser.m; sourceTree = "<group>"; };
		C9A769DD196FD77C00C0F34F /* DPFriendsTableViewController.h */ = {isa = PBXFileReference; fileEncoding = 4; lastKnownFileType = sourcecode.c.h; path = DPFriendsTableViewController.h; sourceTree = "<group>"; };
		C9A769DE196FD77C00C0F34F /* DPFriendsTableViewController.m */ = {isa = PBXFileReference; fileEncoding = 4; lastKnownFileType = sourcecode.c.objc; path = DPFriendsTableViewController.m; sourceTree = "<group>"; };
		C9A769E0196FDB5D00C0F34F /* DPMainViewController.h */ = {isa = PBXFileReference; fileEncoding = 4; lastKnownFileType = sourcecode.c.h; path = DPMainViewController.h; sourceTree = "<group>"; };
		C9A769E1196FDB5D00C0F34F /* DPMainViewController.m */ = {isa = PBXFileReference; fileEncoding = 4; lastKnownFileType = sourcecode.c.objc; path = DPMainViewController.m; sourceTree = "<group>"; };
		C9A76A25196FE0CA00C0F34F /* DPFriendCell.h */ = {isa = PBXFileReference; fileEncoding = 4; lastKnownFileType = sourcecode.c.h; path = DPFriendCell.h; sourceTree = "<group>"; };
		C9A76A26196FE0CA00C0F34F /* DPFriendCell.m */ = {isa = PBXFileReference; fileEncoding = 4; lastKnownFileType = sourcecode.c.objc; path = DPFriendCell.m; sourceTree = "<group>"; };
		C9A76A2C196FE34C00C0F34F /* CoreVideo.framework */ = {isa = PBXFileReference; lastKnownFileType = wrapper.framework; name = CoreVideo.framework; path = System/Library/Frameworks/CoreVideo.framework; sourceTree = SDKROOT; };
		C9A76A2E196FE35500C0F34F /* AVFoundation.framework */ = {isa = PBXFileReference; lastKnownFileType = wrapper.framework; name = AVFoundation.framework; path = System/Library/Frameworks/AVFoundation.framework; sourceTree = SDKROOT; };
		C9A76A31196FEB7400C0F34F /* DPSettingsTableViewController.h */ = {isa = PBXFileReference; fileEncoding = 4; lastKnownFileType = sourcecode.c.h; path = DPSettingsTableViewController.h; sourceTree = "<group>"; };
		C9A76A32196FEB7400C0F34F /* DPSettingsTableViewController.m */ = {isa = PBXFileReference; fileEncoding = 4; lastKnownFileType = sourcecode.c.objc; path = DPSettingsTableViewController.m; sourceTree = "<group>"; };
		C9A76A34196FEC4C00C0F34F /* DPSettingsCell.h */ = {isa = PBXFileReference; fileEncoding = 4; lastKnownFileType = sourcecode.c.h; path = DPSettingsCell.h; sourceTree = "<group>"; };
		C9A76A35196FEC4C00C0F34F /* DPSettingsCell.m */ = {isa = PBXFileReference; fileEncoding = 4; lastKnownFileType = sourcecode.c.objc; path = DPSettingsCell.m; sourceTree = "<group>"; };
		E005AD91135E43FB8E26FFDF /* libPods.a */ = {isa = PBXFileReference; explicitFileType = archive.ar; includeInIndex = 0; path = libPods.a; sourceTree = BUILT_PRODUCTS_DIR; };
/* End PBXFileReference section */

/* Begin PBXFrameworksBuildPhase section */
		C9A7699D196FCF1C00C0F34F /* Frameworks */ = {
			isa = PBXFrameworksBuildPhase;
			buildActionMask = 2147483647;
			files = (
				C92E92D119719A080035E13A /* SystemConfiguration.framework in Frameworks */,
				C92E92CF19719A010035E13A /* StoreKit.framework in Frameworks */,
				C92E92CD197199F20035E13A /* Security.framework in Frameworks */,
				C92E92CB197199EC0035E13A /* QuartzCore.framework in Frameworks */,
				C92E92C9197199E40035E13A /* MobileCoreServices.framework in Frameworks */,
				C92E92C7197199DC0035E13A /* libz.dylib in Frameworks */,
				C92E92C5197199D40035E13A /* CoreLocation.framework in Frameworks */,
				C92E92C3197199CA0035E13A /* CFNetwork.framework in Frameworks */,
				C92E92C1197199C50035E13A /* AudioToolbox.framework in Frameworks */,
				C9A76A2F196FE35500C0F34F /* AVFoundation.framework in Frameworks */,
				C9A76A2D196FE34C00C0F34F /* CoreVideo.framework in Frameworks */,
				C9A769A6196FCF1C00C0F34F /* CoreGraphics.framework in Frameworks */,
				C9A769AA196FCF1C00C0F34F /* CoreData.framework in Frameworks */,
				C9A769A8196FCF1C00C0F34F /* UIKit.framework in Frameworks */,
				C9A769A4196FCF1C00C0F34F /* Foundation.framework in Frameworks */,
				C92E92BF197199910035E13A /* Parse.framework in Frameworks */,
				930C078C9DEA409B9CDB12A7 /* libPods.a in Frameworks */,
			);
			runOnlyForDeploymentPostprocessing = 0;
		};
		C9A769BD196FCF1C00C0F34F /* Frameworks */ = {
			isa = PBXFrameworksBuildPhase;
			buildActionMask = 2147483647;
			files = (
				C9A769C2196FCF1C00C0F34F /* XCTest.framework in Frameworks */,
				C9A769C5196FCF1C00C0F34F /* CoreData.framework in Frameworks */,
				C9A769C4196FCF1C00C0F34F /* UIKit.framework in Frameworks */,
				C9A769C3196FCF1C00C0F34F /* Foundation.framework in Frameworks */,
			);
			runOnlyForDeploymentPostprocessing = 0;
		};
/* End PBXFrameworksBuildPhase section */

/* Begin PBXGroup section */
		C92E92AC1970F6BA0035E13A /* DPExplodedViewController */ = {
			isa = PBXGroup;
			children = (
				C92E92AD1970F6DD0035E13A /* DPExplodedViewController.h */,
				C92E92AE1970F6DD0035E13A /* DPExplodedViewController.m */,
			);
			name = DPExplodedViewController;
			sourceTree = "<group>";
		};
		C92E92B01970F6E10035E13A /* DPDepictureViewController */ = {
			isa = PBXGroup;
			children = (
				C92E92B11970F6FB0035E13A /* DPDepictureViewController.h */,
				C92E92B21970F6FB0035E13A /* DPDepictureViewController.m */,
			);
			name = DPDepictureViewController;
			sourceTree = "<group>";
		};
		C92E92B7197194710035E13A /* DPData */ = {
			isa = PBXGroup;
			children = (
				C92E92D51971DD100035E13A /* MLIMGURUploader */,
				C92E92BA1971948E0035E13A /* DPUser */,
				C92E92B9197194820035E13A /* DPDepicture */,
				C92E92B8197194790035E13A /* DPDataManager */,
			);
			name = DPData;
			sourceTree = "<group>";
		};
		C92E92B8197194790035E13A /* DPDataManager */ = {
			isa = PBXGroup;
			children = (
				C92E92B419718C5E0035E13A /* DPDataManager.h */,
				C92E92B519718C5E0035E13A /* DPDataManager.m */,
			);
			name = DPDataManager;
			sourceTree = "<group>";
		};
		C92E92B9197194820035E13A /* DPDepicture */ = {
			isa = PBXGroup;
			children = (
				C92E92BB197194A90035E13A /* DPDepicture.h */,
				C92E92BC197194A90035E13A /* DPDepicture.m */,
			);
			name = DPDepicture;
			sourceTree = "<group>";
		};
		C92E92BA1971948E0035E13A /* DPUser */ = {
			isa = PBXGroup;
			children = (
				C9A769D8196FD30800C0F34F /* DPUser.h */,
				C9A769D9196FD30800C0F34F /* DPUser.m */,
			);
			name = DPUser;
			sourceTree = "<group>";
		};
		C92E92D51971DD100035E13A /* MLIMGURUploader */ = {
			isa = PBXGroup;
			children = (
				C92E92D21971DD0C0035E13A /* MLIMGURUploader.h */,
				C92E92D31971DD0C0035E13A /* MLIMGURUploader.m */,
			);
			name = MLIMGURUploader;
			sourceTree = "<group>";
		};
		C92E92D61971DF2D0035E13A /* DPDepicturePreviewView */ = {
			isa = PBXGroup;
			children = (
				C92E92D71971DF3D0035E13A /* DPDepicturePreviewView.h */,
				C92E92D81971DF3D0035E13A /* DPDepicturePreviewView.m */,
			);
			name = DPDepicturePreviewView;
			sourceTree = "<group>";
		};
		C9A76997196FCF1C00C0F34F = {
			isa = PBXGroup;
			children = (
				C9A769AB196FCF1C00C0F34F /* Depicture */,
				C9A769C8196FCF1C00C0F34F /* DepictureTests */,
				C9A769A2196FCF1C00C0F34F /* Frameworks */,
				C9A769A1196FCF1C00C0F34F /* Products */,
				60CEB97F5A9647DF9F9177AF /* Pods.xcconfig */,
			);
			sourceTree = "<group>";
		};
		C9A769A1196FCF1C00C0F34F /* Products */ = {
			isa = PBXGroup;
			children = (
				C9A769A0196FCF1C00C0F34F /* Depicture.app */,
				C9A769C0196FCF1C00C0F34F /* DepictureTests.xctest */,
			);
			name = Products;
			sourceTree = "<group>";
		};
		C9A769A2196FCF1C00C0F34F /* Frameworks */ = {
			isa = PBXGroup;
			children = (
				C92E92D019719A080035E13A /* SystemConfiguration.framework */,
				C92E92CE19719A010035E13A /* StoreKit.framework */,
				C92E92CC197199F20035E13A /* Security.framework */,
				C92E92CA197199EC0035E13A /* QuartzCore.framework */,
				C92E92C8197199E40035E13A /* MobileCoreServices.framework */,
				C92E92C6197199DC0035E13A /* libz.dylib */,
				C92E92C4197199D40035E13A /* CoreLocation.framework */,
				C92E92C2197199CA0035E13A /* CFNetwork.framework */,
				C92E92C0197199C50035E13A /* AudioToolbox.framework */,
				C92E92BE197199910035E13A /* Parse.framework */,
				C9A76A2E196FE35500C0F34F /* AVFoundation.framework */,
				C9A76A2C196FE34C00C0F34F /* CoreVideo.framework */,
				C9A769A3196FCF1C00C0F34F /* Foundation.framework */,
				C9A769A5196FCF1C00C0F34F /* CoreGraphics.framework */,
				C9A769A7196FCF1C00C0F34F /* UIKit.framework */,
				C9A769A9196FCF1C00C0F34F /* CoreData.framework */,
				C9A769C1196FCF1C00C0F34F /* XCTest.framework */,
				E005AD91135E43FB8E26FFDF /* libPods.a */,
			);
			name = Frameworks;
			sourceTree = "<group>";
		};
		C9A769AB196FCF1C00C0F34F /* Depicture */ = {
			isa = PBXGroup;
			children = (
				C9A76A37196FEC5000C0F34F /* DPSettingsCell */,
				C9A76A24196FE0A600C0F34F /* DPFriendCell */,
				C9A769DB196FD72900C0F34F /* DPViews */,
				C9A769B4196FCF1C00C0F34F /* DPAppDelegate.h */,
				C9A769B5196FCF1C00C0F34F /* DPAppDelegate.m */,
				C9A769BA196FCF1C00C0F34F /* Images.xcassets */,
				C9A769B7196FCF1C00C0F34F /* Depicture.xcdatamodeld */,
				C9A769AC196FCF1C00C0F34F /* Supporting Files */,
				C9A769E0196FDB5D00C0F34F /* DPMainViewController.h */,
				C9A769E1196FDB5D00C0F34F /* DPMainViewController.m */,
				C92E92B7197194710035E13A /* DPData */,
			);
			path = Depicture;
			sourceTree = "<group>";
		};
		C9A769AC196FCF1C00C0F34F /* Supporting Files */ = {
			isa = PBXGroup;
			children = (
				C9A769AD196FCF1C00C0F34F /* Depicture-Info.plist */,
				C9A769AE196FCF1C00C0F34F /* InfoPlist.strings */,
				C9A769B1196FCF1C00C0F34F /* main.m */,
				C9A769B3196FCF1C00C0F34F /* Depicture-Prefix.pch */,
			);
			name = "Supporting Files";
			sourceTree = "<group>";
		};
		C9A769C8196FCF1C00C0F34F /* DepictureTests */ = {
			isa = PBXGroup;
			children = (
				C9A769CE196FCF1C00C0F34F /* DepictureTests.m */,
				C9A769C9196FCF1C00C0F34F /* Supporting Files */,
			);
			path = DepictureTests;
			sourceTree = "<group>";
		};
		C9A769C9196FCF1C00C0F34F /* Supporting Files */ = {
			isa = PBXGroup;
			children = (
				C9A769CA196FCF1C00C0F34F /* DepictureTests-Info.plist */,
				C9A769CB196FCF1C00C0F34F /* InfoPlist.strings */,
			);
			name = "Supporting Files";
			sourceTree = "<group>";
		};
		C9A769DB196FD72900C0F34F /* DPViews */ = {
			isa = PBXGroup;
			children = (
				C92E92D61971DF2D0035E13A /* DPDepicturePreviewView */,
				C92E92B01970F6E10035E13A /* DPDepictureViewController */,
				C92E92AC1970F6BA0035E13A /* DPExplodedViewController */,
				C9A76A30196FEB5F00C0F34F /* DPSettingsTableViewController */,
				C9A769DC196FD73E00C0F34F /* DPFriendsTableViewController */,
			);
			name = DPViews;
			sourceTree = "<group>";
		};
		C9A769DC196FD73E00C0F34F /* DPFriendsTableViewController */ = {
			isa = PBXGroup;
			children = (
				C9A769DD196FD77C00C0F34F /* DPFriendsTableViewController.h */,
				C9A769DE196FD77C00C0F34F /* DPFriendsTableViewController.m */,
			);
			name = DPFriendsTableViewController;
			sourceTree = "<group>";
		};
		C9A76A24196FE0A600C0F34F /* DPFriendCell */ = {
			isa = PBXGroup;
			children = (
				C9A76A25196FE0CA00C0F34F /* DPFriendCell.h */,
				C9A76A26196FE0CA00C0F34F /* DPFriendCell.m */,
			);
			name = DPFriendCell;
			sourceTree = "<group>";
		};
		C9A76A30196FEB5F00C0F34F /* DPSettingsTableViewController */ = {
			isa = PBXGroup;
			children = (
				C9A76A31196FEB7400C0F34F /* DPSettingsTableViewController.h */,
				C9A76A32196FEB7400C0F34F /* DPSettingsTableViewController.m */,
			);
			name = DPSettingsTableViewController;
			sourceTree = "<group>";
		};
		C9A76A37196FEC5000C0F34F /* DPSettingsCell */ = {
			isa = PBXGroup;
			children = (
				C9A76A34196FEC4C00C0F34F /* DPSettingsCell.h */,
				C9A76A35196FEC4C00C0F34F /* DPSettingsCell.m */,
			);
			name = DPSettingsCell;
			sourceTree = "<group>";
		};
/* End PBXGroup section */

/* Begin PBXNativeTarget section */
		C9A7699F196FCF1C00C0F34F /* Depicture */ = {
			isa = PBXNativeTarget;
			buildConfigurationList = C9A769D2196FCF1C00C0F34F /* Build configuration list for PBXNativeTarget "Depicture" */;
			buildPhases = (
				5CD9FBD984324982B6EF32CC /* Check Pods Manifest.lock */,
				C9A7699C196FCF1C00C0F34F /* Sources */,
				C9A7699D196FCF1C00C0F34F /* Frameworks */,
				C9A7699E196FCF1C00C0F34F /* Resources */,
				AB018EC90C29425AB787184F /* Copy Pods Resources */,
			);
			buildRules = (
			);
			dependencies = (
			);
			name = Depicture;
			productName = Depicture;
			productReference = C9A769A0196FCF1C00C0F34F /* Depicture.app */;
			productType = "com.apple.product-type.application";
		};
		C9A769BF196FCF1C00C0F34F /* DepictureTests */ = {
			isa = PBXNativeTarget;
			buildConfigurationList = C9A769D5196FCF1C00C0F34F /* Build configuration list for PBXNativeTarget "DepictureTests" */;
			buildPhases = (
				C9A769BC196FCF1C00C0F34F /* Sources */,
				C9A769BD196FCF1C00C0F34F /* Frameworks */,
				C9A769BE196FCF1C00C0F34F /* Resources */,
			);
			buildRules = (
			);
			dependencies = (
				C9A769C7196FCF1C00C0F34F /* PBXTargetDependency */,
			);
			name = DepictureTests;
			productName = DepictureTests;
			productReference = C9A769C0196FCF1C00C0F34F /* DepictureTests.xctest */;
			productType = "com.apple.product-type.bundle.unit-test";
		};
/* End PBXNativeTarget section */

/* Begin PBXProject section */
		C9A76998196FCF1C00C0F34F /* Project object */ = {
			isa = PBXProject;
			attributes = {
				CLASSPREFIX = DP;
				LastUpgradeCheck = 0510;
				ORGANIZATIONNAME = Shrugs;
				TargetAttributes = {
					C9A7699F196FCF1C00C0F34F = {
						DevelopmentTeam = 8DZG85JJAZ;
					};
					C9A769BF196FCF1C00C0F34F = {
						TestTargetID = C9A7699F196FCF1C00C0F34F;
					};
				};
			};
			buildConfigurationList = C9A7699B196FCF1C00C0F34F /* Build configuration list for PBXProject "Depicture" */;
			compatibilityVersion = "Xcode 3.2";
			developmentRegion = English;
			hasScannedForEncodings = 0;
			knownRegions = (
				en,
			);
			mainGroup = C9A76997196FCF1C00C0F34F;
			productRefGroup = C9A769A1196FCF1C00C0F34F /* Products */;
			projectDirPath = "";
			projectRoot = "";
			targets = (
				C9A7699F196FCF1C00C0F34F /* Depicture */,
				C9A769BF196FCF1C00C0F34F /* DepictureTests */,
			);
		};
/* End PBXProject section */

/* Begin PBXResourcesBuildPhase section */
		C9A7699E196FCF1C00C0F34F /* Resources */ = {
			isa = PBXResourcesBuildPhase;
			buildActionMask = 2147483647;
			files = (
				C9A769B0196FCF1C00C0F34F /* InfoPlist.strings in Resources */,
				C9A769BB196FCF1C00C0F34F /* Images.xcassets in Resources */,
			);
			runOnlyForDeploymentPostprocessing = 0;
		};
		C9A769BE196FCF1C00C0F34F /* Resources */ = {
			isa = PBXResourcesBuildPhase;
			buildActionMask = 2147483647;
			files = (
				C9A769CD196FCF1C00C0F34F /* InfoPlist.strings in Resources */,
			);
			runOnlyForDeploymentPostprocessing = 0;
		};
/* End PBXResourcesBuildPhase section */

/* Begin PBXShellScriptBuildPhase section */
		5CD9FBD984324982B6EF32CC /* Check Pods Manifest.lock */ = {
			isa = PBXShellScriptBuildPhase;
			buildActionMask = 2147483647;
			files = (
			);
			inputPaths = (
			);
			name = "Check Pods Manifest.lock";
			outputPaths = (
			);
			runOnlyForDeploymentPostprocessing = 0;
			shellPath = /bin/sh;
			shellScript = "diff \"${PODS_ROOT}/../Podfile.lock\" \"${PODS_ROOT}/Manifest.lock\" > /dev/null\nif [[ $? != 0 ]] ; then\n    cat << EOM\nerror: The sandbox is not in sync with the Podfile.lock. Run 'pod install' or update your CocoaPods installation.\nEOM\n    exit 1\nfi\n";
			showEnvVarsInLog = 0;
		};
		AB018EC90C29425AB787184F /* Copy Pods Resources */ = {
			isa = PBXShellScriptBuildPhase;
			buildActionMask = 2147483647;
			files = (
			);
			inputPaths = (
			);
			name = "Copy Pods Resources";
			outputPaths = (
			);
			runOnlyForDeploymentPostprocessing = 0;
			shellPath = /bin/sh;
			shellScript = "\"${SRCROOT}/Pods/Pods-resources.sh\"\n";
			showEnvVarsInLog = 0;
		};
/* End PBXShellScriptBuildPhase section */

/* Begin PBXSourcesBuildPhase section */
		C9A7699C196FCF1C00C0F34F /* Sources */ = {
			isa = PBXSourcesBuildPhase;
			buildActionMask = 2147483647;
			files = (
				C9A769B6196FCF1C00C0F34F /* DPAppDelegate.m in Sources */,
				C92E92AF1970F6DD0035E13A /* DPExplodedViewController.m in Sources */,
				C9A769B2196FCF1C00C0F34F /* main.m in Sources */,
				C9A769DF196FD77C00C0F34F /* DPFriendsTableViewController.m in Sources */,
				C9A769E2196FDB5D00C0F34F /* DPMainViewController.m in Sources */,
				C92E92B31970F6FB0035E13A /* DPDepictureViewController.m in Sources */,
				C9A76A33196FEB7400C0F34F /* DPSettingsTableViewController.m in Sources */,
				C9A76A36196FEC4C00C0F34F /* DPSettingsCell.m in Sources */,
				C92E92D91971DF3D0035E13A /* DPDepicturePreviewView.m in Sources */,
				C9A76A27196FE0CA00C0F34F /* DPFriendCell.m in Sources */,
				C92E92B619718C5E0035E13A /* DPDataManager.m in Sources */,
				C92E92BD197194A90035E13A /* DPDepicture.m in Sources */,
				C9A769DA196FD30800C0F34F /* DPUser.m in Sources */,
				C9A769B9196FCF1C00C0F34F /* Depicture.xcdatamodeld in Sources */,
				C92E92D41971DD0C0035E13A /* MLIMGURUploader.m in Sources */,
			);
			runOnlyForDeploymentPostprocessing = 0;
		};
		C9A769BC196FCF1C00C0F34F /* Sources */ = {
			isa = PBXSourcesBuildPhase;
			buildActionMask = 2147483647;
			files = (
				C9A769CF196FCF1C00C0F34F /* DepictureTests.m in Sources */,
			);
			runOnlyForDeploymentPostprocessing = 0;
		};
/* End PBXSourcesBuildPhase section */

/* Begin PBXTargetDependency section */
		C9A769C7196FCF1C00C0F34F /* PBXTargetDependency */ = {
			isa = PBXTargetDependency;
			target = C9A7699F196FCF1C00C0F34F /* Depicture */;
			targetProxy = C9A769C6196FCF1C00C0F34F /* PBXContainerItemProxy */;
		};
/* End PBXTargetDependency section */

/* Begin PBXVariantGroup section */
		C9A769AE196FCF1C00C0F34F /* InfoPlist.strings */ = {
			isa = PBXVariantGroup;
			children = (
				C9A769AF196FCF1C00C0F34F /* en */,
			);
			name = InfoPlist.strings;
			sourceTree = "<group>";
		};
		C9A769CB196FCF1C00C0F34F /* InfoPlist.strings */ = {
			isa = PBXVariantGroup;
			children = (
				C9A769CC196FCF1C00C0F34F /* en */,
			);
			name = InfoPlist.strings;
			sourceTree = "<group>";
		};
/* End PBXVariantGroup section */

/* Begin XCBuildConfiguration section */
		C9A769D0196FCF1C00C0F34F /* Debug */ = {
			isa = XCBuildConfiguration;
			buildSettings = {
				ALWAYS_SEARCH_USER_PATHS = NO;
				CLANG_CXX_LANGUAGE_STANDARD = "gnu++0x";
				CLANG_CXX_LIBRARY = "libc++";
				CLANG_ENABLE_MODULES = YES;
				CLANG_ENABLE_OBJC_ARC = YES;
				CLANG_WARN_BOOL_CONVERSION = YES;
				CLANG_WARN_CONSTANT_CONVERSION = YES;
				CLANG_WARN_DIRECT_OBJC_ISA_USAGE = YES_ERROR;
				CLANG_WARN_EMPTY_BODY = YES;
				CLANG_WARN_ENUM_CONVERSION = YES;
				CLANG_WARN_INT_CONVERSION = YES;
				CLANG_WARN_OBJC_ROOT_CLASS = YES_ERROR;
				CLANG_WARN__DUPLICATE_METHOD_MATCH = YES;
				CODE_SIGN_IDENTITY = "iPhone Developer: Matthew Condon (KK7926GMRW)";
				"CODE_SIGN_IDENTITY[sdk=iphoneos*]" = "iPhone Developer: Matthew Condon (KK7926GMRW)";
				COPY_PHASE_STRIP = NO;
				GCC_C_LANGUAGE_STANDARD = gnu99;
				GCC_DYNAMIC_NO_PIC = NO;
				GCC_OPTIMIZATION_LEVEL = 0;
				GCC_PREPROCESSOR_DEFINITIONS = (
					"DEBUG=1",
					"$(inherited)",
				);
				GCC_SYMBOLS_PRIVATE_EXTERN = NO;
				GCC_WARN_64_TO_32_BIT_CONVERSION = YES;
				GCC_WARN_ABOUT_RETURN_TYPE = YES_ERROR;
				GCC_WARN_UNDECLARED_SELECTOR = YES;
				GCC_WARN_UNINITIALIZED_AUTOS = YES_AGGRESSIVE;
				GCC_WARN_UNUSED_FUNCTION = YES;
				GCC_WARN_UNUSED_VARIABLE = YES;
				IPHONEOS_DEPLOYMENT_TARGET = 7.1;
				ONLY_ACTIVE_ARCH = YES;
				PROVISIONING_PROFILE = "DC3B1097-EF69-4B34-A7FE-A7D74F34A5E3";
				SDKROOT = iphoneos;
			};
			name = Debug;
		};
		C9A769D1196FCF1C00C0F34F /* Release */ = {
			isa = XCBuildConfiguration;
			buildSettings = {
				ALWAYS_SEARCH_USER_PATHS = NO;
				CLANG_CXX_LANGUAGE_STANDARD = "gnu++0x";
				CLANG_CXX_LIBRARY = "libc++";
				CLANG_ENABLE_MODULES = YES;
				CLANG_ENABLE_OBJC_ARC = YES;
				CLANG_WARN_BOOL_CONVERSION = YES;
				CLANG_WARN_CONSTANT_CONVERSION = YES;
				CLANG_WARN_DIRECT_OBJC_ISA_USAGE = YES_ERROR;
				CLANG_WARN_EMPTY_BODY = YES;
				CLANG_WARN_ENUM_CONVERSION = YES;
				CLANG_WARN_INT_CONVERSION = YES;
				CLANG_WARN_OBJC_ROOT_CLASS = YES_ERROR;
				CLANG_WARN__DUPLICATE_METHOD_MATCH = YES;
				CODE_SIGN_IDENTITY = "iPhone Developer: Matthew Condon (KK7926GMRW)";
				"CODE_SIGN_IDENTITY[sdk=iphoneos*]" = "iPhone Developer: Matthew Condon (KK7926GMRW)";
				COPY_PHASE_STRIP = YES;
				ENABLE_NS_ASSERTIONS = NO;
				GCC_C_LANGUAGE_STANDARD = gnu99;
				GCC_WARN_64_TO_32_BIT_CONVERSION = YES;
				GCC_WARN_ABOUT_RETURN_TYPE = YES_ERROR;
				GCC_WARN_UNDECLARED_SELECTOR = YES;
				GCC_WARN_UNINITIALIZED_AUTOS = YES_AGGRESSIVE;
				GCC_WARN_UNUSED_FUNCTION = YES;
				GCC_WARN_UNUSED_VARIABLE = YES;
				IPHONEOS_DEPLOYMENT_TARGET = 7.1;
				PROVISIONING_PROFILE = "DC3B1097-EF69-4B34-A7FE-A7D74F34A5E3";
				SDKROOT = iphoneos;
				VALIDATE_PRODUCT = YES;
			};
			name = Release;
		};
		C9A769D3196FCF1C00C0F34F /* Debug */ = {
			isa = XCBuildConfiguration;
			baseConfigurationReference = 60CEB97F5A9647DF9F9177AF /* Pods.xcconfig */;
			buildSettings = {
				ASSETCATALOG_COMPILER_APPICON_NAME = AppIcon;
				ASSETCATALOG_COMPILER_LAUNCHIMAGE_NAME = LaunchImage;
				CODE_SIGN_IDENTITY = "iPhone Developer: Matthew Condon (KK7926GMRW)";
				"CODE_SIGN_IDENTITY[sdk=iphoneos*]" = "iPhone Developer: Matthew Condon (KK7926GMRW)";
				FRAMEWORK_SEARCH_PATHS = (
					"$(inherited)",
					"$(PROJECT_DIR)",
				);
				GCC_PRECOMPILE_PREFIX_HEADER = YES;
				GCC_PREFIX_HEADER = "Depicture/Depicture-Prefix.pch";
				INFOPLIST_FILE = "Depicture/Depicture-Info.plist";
				PRODUCT_NAME = "$(TARGET_NAME)";
				PROVISIONING_PROFILE = "DC3B1097-EF69-4B34-A7FE-A7D74F34A5E3";
				WRAPPER_EXTENSION = app;
			};
			name = Debug;
		};
		C9A769D4196FCF1C00C0F34F /* Release */ = {
			isa = XCBuildConfiguration;
			baseConfigurationReference = 60CEB97F5A9647DF9F9177AF /* Pods.xcconfig */;
			buildSettings = {
				ASSETCATALOG_COMPILER_APPICON_NAME = AppIcon;
				ASSETCATALOG_COMPILER_LAUNCHIMAGE_NAME = LaunchImage;
				CODE_SIGN_IDENTITY = "iPhone Developer: Matthew Condon (KK7926GMRW)";
				"CODE_SIGN_IDENTITY[sdk=iphoneos*]" = "iPhone Developer: Matthew Condon (KK7926GMRW)";
				FRAMEWORK_SEARCH_PATHS = (
					"$(inherited)",
					"$(PROJECT_DIR)",
				);
				GCC_PRECOMPILE_PREFIX_HEADER = YES;
				GCC_PREFIX_HEADER = "Depicture/Depicture-Prefix.pch";
				INFOPLIST_FILE = "Depicture/Depicture-Info.plist";
				PRODUCT_NAME = "$(TARGET_NAME)";
				PROVISIONING_PROFILE = "DC3B1097-EF69-4B34-A7FE-A7D74F34A5E3";
				WRAPPER_EXTENSION = app;
			};
			name = Release;
		};
		C9A769D6196FCF1C00C0F34F /* Debug */ = {
			isa = XCBuildConfiguration;
			buildSettings = {
				BUNDLE_LOADER = "$(BUILT_PRODUCTS_DIR)/Depicture.app/Depicture";
				FRAMEWORK_SEARCH_PATHS = (
					"$(SDKROOT)/Developer/Library/Frameworks",
					"$(inherited)",
					"$(DEVELOPER_FRAMEWORKS_DIR)",
				);
				GCC_PRECOMPILE_PREFIX_HEADER = YES;
				GCC_PREFIX_HEADER = "Depicture/Depicture-Prefix.pch";
				GCC_PREPROCESSOR_DEFINITIONS = (
					"DEBUG=1",
					"$(inherited)",
				);
				INFOPLIST_FILE = "DepictureTests/DepictureTests-Info.plist";
				PRODUCT_NAME = "$(TARGET_NAME)";
				TEST_HOST = "$(BUNDLE_LOADER)";
				WRAPPER_EXTENSION = xctest;
			};
			name = Debug;
		};
		C9A769D7196FCF1C00C0F34F /* Release */ = {
			isa = XCBuildConfiguration;
			buildSettings = {
				BUNDLE_LOADER = "$(BUILT_PRODUCTS_DIR)/Depicture.app/Depicture";
				FRAMEWORK_SEARCH_PATHS = (
					"$(SDKROOT)/Developer/Library/Frameworks",
					"$(inherited)",
					"$(DEVELOPER_FRAMEWORKS_DIR)",
				);
				GCC_PRECOMPILE_PREFIX_HEADER = YES;
				GCC_PREFIX_HEADER = "Depicture/Depicture-Prefix.pch";
				INFOPLIST_FILE = "DepictureTests/DepictureTests-Info.plist";
				PRODUCT_NAME = "$(TARGET_NAME)";
				TEST_HOST = "$(BUNDLE_LOADER)";
				WRAPPER_EXTENSION = xctest;
			};
			name = Release;
		};
/* End XCBuildConfiguration section */

/* Begin XCConfigurationList section */
		C9A7699B196FCF1C00C0F34F /* Build configuration list for PBXProject "Depicture" */ = {
			isa = XCConfigurationList;
			buildConfigurations = (
				C9A769D0196FCF1C00C0F34F /* Debug */,
				C9A769D1196FCF1C00C0F34F /* Release */,
			);
			defaultConfigurationIsVisible = 0;
			defaultConfigurationName = Release;
		};
		C9A769D2196FCF1C00C0F34F /* Build configuration list for PBXNativeTarget "Depicture" */ = {
			isa = XCConfigurationList;
			buildConfigurations = (
				C9A769D3196FCF1C00C0F34F /* Debug */,
				C9A769D4196FCF1C00C0F34F /* Release */,
			);
			defaultConfigurationIsVisible = 0;
			defaultConfigurationName = Release;
		};
		C9A769D5196FCF1C00C0F34F /* Build configuration list for PBXNativeTarget "DepictureTests" */ = {
			isa = XCConfigurationList;
			buildConfigurations = (
				C9A769D6196FCF1C00C0F34F /* Debug */,
				C9A769D7196FCF1C00C0F34F /* Release */,
			);
			defaultConfigurationIsVisible = 0;
			defaultConfigurationName = Release;
		};
/* End XCConfigurationList section */

/* Begin XCVersionGroup section */
		C9A769B7196FCF1C00C0F34F /* Depicture.xcdatamodeld */ = {
			isa = XCVersionGroup;
			children = (
				C9A769B8196FCF1C00C0F34F /* Depicture.xcdatamodel */,
			);
			currentVersion = C9A769B8196FCF1C00C0F34F /* Depicture.xcdatamodel */;
			path = Depicture.xcdatamodeld;
			sourceTree = "<group>";
			versionGroupType = wrapper.xcdatamodel;
		};
/* End XCVersionGroup section */
	};
	rootObject = C9A76998196FCF1C00C0F34F /* Project object */;
}
